
Microsoft Visual Studio Solution File, Format Version 12.00
Project("{FAE04EC0-301F-11D3-BF4B-00C04F79EFBC}") = "MinimalSongRecApi", "MinimalSongRecApi\src\MinimalSongRecApi\MinimalSongRecApi.csproj", "{5DE6CDC3-34E3-4940-900C-085505BDE85B}"
EndProject
Project("{FAE04EC0-301F-11D3-BF4B-00C04F79EFBC}") = "SpotifyAuthApi", "SpotifyAuthApi\src\SpotifyAuthApi\SpotifyAuthApi.csproj", "{11EC3427-AC38-44FA-BA8A-1BDDF6FC28C7}"
EndProject
Project("{FAE04EC0-301F-11D3-BF4B-00C04F79EFBC}") = "GenreFinderApi", "GenreFinderApi\src\GenreFinderApi\GenreFinderApi.csproj", "{79210798-376E-447E-85CF-DE3B6BB89FC1}"
EndProject
Global
	GlobalSection(SolutionConfigurationPlatforms) = preSolution
		Debug|Any CPU = Debug|Any CPU
		Release|Any CPU = Release|Any CPU
	EndGlobalSection
	GlobalSection(ProjectConfigurationPlatforms) = postSolution
		{5DE6CDC3-34E3-4940-900C-085505BDE85B}.Debug|Any CPU.ActiveCfg = Debug|Any CPU
		{5DE6CDC3-34E3-4940-900C-085505BDE85B}.Debug|Any CPU.Build.0 = Debug|Any CPU
		{5DE6CDC3-34E3-4940-900C-085505BDE85B}.Release|Any CPU.ActiveCfg = Release|Any CPU
		{5DE6CDC3-34E3-4940-900C-085505BDE85B}.Release|Any CPU.Build.0 = Release|Any CPU
		{11EC3427-AC38-44FA-BA8A-1BDDF6FC28C7}.Debug|Any CPU.ActiveCfg = Debug|Any CPU
		{11EC3427-AC38-44FA-BA8A-1BDDF6FC28C7}.Debug|Any CPU.Build.0 = Debug|Any CPU
		{11EC3427-AC38-44FA-BA8A-1BDDF6FC28C7}.Release|Any CPU.ActiveCfg = Release|Any CPU
		{11EC3427-AC38-44FA-BA8A-1BDDF6FC28C7}.Release|Any CPU.Build.0 = Release|Any CPU
		{79210798-376E-447E-85CF-DE3B6BB89FC1}.Debug|Any CPU.ActiveCfg = Debug|Any CPU
		{79210798-376E-447E-85CF-DE3B6BB89FC1}.Debug|Any CPU.Build.0 = Debug|Any CPU
		{79210798-376E-447E-85CF-DE3B6BB89FC1}.Release|Any CPU.ActiveCfg = Release|Any CPU
		{79210798-376E-447E-85CF-DE3B6BB89FC1}.Release|Any CPU.Build.0 = Release|Any CPU
	EndGlobalSection
EndGlobal
